
Microsoft Visual Studio Solution File, Format Version 12.00
# Visual Studio Version 16
VisualStudioVersion = 16.0.31112.23
MinimumVisualStudioVersion = 10.0.40219.1
Project("{8BC9CEB8-8B4A-11D0-8D11-00A0C91BC942}") = "arcdps_mock", "arcdps_mock\arcdps_mock.vcxproj", "{20B650FF-5B57-461B-B862-CCCCA4F665EB}"
EndProject
Project("{8BC9CEB8-8B4A-11D0-8D11-00A0C91BC942}") = "arcdps_collector", "arcdps_collector\arcdps_collector.vcxproj", "{4812D564-9EE0-4F55-AECB-DDB9FF4933B7}"
EndProject
Global
	GlobalSection(SolutionConfigurationPlatforms) = preSolution
		Debug|x64 = Debug|x64
		Mock Debug|x64 = Mock Debug|x64
		Release|x64 = Release|x64
	EndGlobalSection
	GlobalSection(ProjectConfigurationPlatforms) = postSolution
		{20B650FF-5B57-461B-B862-CCCCA4F665EB}.Debug|x64.ActiveCfg = Debug|x64
		{20B650FF-5B57-461B-B862-CCCCA4F665EB}.Debug|x64.Build.0 = Debug|x64
		{20B650FF-5B57-461B-B862-CCCCA4F665EB}.Mock Debug|x64.ActiveCfg = Debug|x64
		{20B650FF-5B57-461B-B862-CCCCA4F665EB}.Mock Debug|x64.Build.0 = Debug|x64
		{20B650FF-5B57-461B-B862-CCCCA4F665EB}.Release|x64.ActiveCfg = Release|x64
		{20B650FF-5B57-461B-B862-CCCCA4F665EB}.Release|x64.Build.0 = Release|x64
		{4812D564-9EE0-4F55-AECB-DDB9FF4933B7}.Debug|x64.ActiveCfg = Debug|x64
		{4812D564-9EE0-4F55-AECB-DDB9FF4933B7}.Debug|x64.Build.0 = Debug|x64
		{4812D564-9EE0-4F55-AECB-DDB9FF4933B7}.Mock Debug|x64.ActiveCfg = Mock Debug|x64
		{4812D564-9EE0-4F55-AECB-DDB9FF4933B7}.Mock Debug|x64.Build.0 = Mock Debug|x64
		{4812D564-9EE0-4F55-AECB-DDB9FF4933B7}.Release|x64.ActiveCfg = Release|x64
		{4812D564-9EE0-4F55-AECB-DDB9FF4933B7}.Release|x64.Build.0 = Release|x64
	EndGlobalSection
	GlobalSection(SolutionProperties) = preSolution
		HideSolutionNode = FALSE
	EndGlobalSection
	GlobalSection(ExtensibilityGlobals) = postSolution
		SolutionGuid = {D3183740-4952-4B39-8655-76D529A7EBAE}
	EndGlobalSection
EndGlobal
